lockfileVersion: '9.0'

settings:
  autoInstallPeers: true
  excludeLinksFromLockfile: false

importers:

  .:
    dependencies:
      katex:
        specifier: 0.18.7
        version: 0.18.7
      marked:
        specifier: 17.0.5
        version: 17.0.5
      marked-katex-extension:
        specifier: 5.1.12
        version: 5.1.12(katex@0.18.7)(marked@17.0.5)

packages:

  commander@15.0.0:
    resolution: {integrity: sha512-z67u4ZhzCL/Tydu1lJARtEZYWbWaN7oYLHbsuzocr6y4N6WZAagG3RQ4FW61V1/0+jImpj293XfrcYnd1qxtPg==}
    engines: {node: '>=22.12.0'}

  katex@0.18.7:
    resolution: {integrity: sha512-h+UCwkZ+4Jz8WQ7MLGfj7UVFrRCizGb912fwF4luGdYsC5paYG1vx+jy+KRcC/XkpjGva/P7nAWuxNnPzRvzHw==}
    hasBin: true

  marked-katex-extension@5.1.12:
    resolution: {integrity: sha512-DgfH0CFrOuVwVEXNJ+rTtYOtZZECpHhA0bu7xBiACAJI4geeaCZfDq+hiJ1yJx780fDh2HWHlr+NySxuc2DD1w==}
    peerDependencies:
      katex: '>=0.16 <0.19'
      marked: '>=4 <19'

  marked@17.0.5:
    resolution: {integrity: sha512-6hLvc0/JEbRjRgzI6wnT2P1XuM1/RrrDEX0kPt0N7jGm1133g6X7DlxFasUIx+72aKAr904GTxhSLDrd5DIlZg==}
    engines: {node: '>= 20'}
    hasBin: true

snapshots:

  commander@15.0.0: {}

  katex@0.18.7:
    dependencies:
      commander: 15.0.0

  marked-katex-extension@5.1.12(katex@0.18.7)(marked@17.0.5):
    dependencies:
      katex: 0.18.7
      marked: 17.0.5

  marked@17.0.5: {}
